PODS:
  - MessageInputBar (0.4.1):
    - MessageInputBar/Core (= 0.4.1)
  - MessageInputBar/Core (0.4.1)
  - MessageKit (2.0.0):
    - MessageInputBar/Core

DEPENDENCIES:
  - MessageInputBar (from `https://github.com/MessageKit/MessageInputBar.git`, branch `master`)
  - MessageKit (from `../`)

EXTERNAL SOURCES:
  MessageInputBar:
    :branch: master
    :git: https://github.com/MessageKit/MessageInputBar.git
  MessageKit:
    :branch: typingIndicatorView
    :path: "../"

CHECKOUT OPTIONS:
  MessageInputBar:
    :commit: faebe27f2dd8f39ea145e75b7296ef48133c099a
    :git: https://github.com/MessageKit/MessageInputBar.git

SPEC CHECKSUMS:
  MessageInputBar: e81c7535347f1f7b923de7080409a535a004b6e4
  MessageKit: 29c1c87e5a396d2ca7a3f712e5171dc9aba42a1e

PODFILE CHECKSUM: 1fd1b57d78986b263833ccc0c83ad8be8c5e63f0

COCOAPODS: 1.6.1
