PODS:
  - InputBarAccessoryView (4.3.0)
  - MessageKit (3.0.0-beta-swift4-2):
    - InputBarAccessoryView

DEPENDENCIES:
  - MessageKit (from `https://github.com/MessageKit/MessageKit.git`, branch `3.0.0-beta`)

SPEC REPOS:
  https://github.com/cocoapods/specs.git:
    - InputBarAccessoryView

EXTERNAL SOURCES:
  MessageKit:
    :branch: 3.0.0-beta
    :git: https://github.com/MessageKit/MessageKit.git

CHECKOUT OPTIONS:
  MessageKit:
    :commit: 8c93ee260666124c9b85349f2f86f640c9a38ace
    :git: https://github.com/MessageKit/MessageKit.git

SPEC CHECKSUMS:
  InputBarAccessoryView: 28dca73f28df7822fe5377f83cfc4547e22f90ff
  MessageKit: feb3ca4fa02a14f3391781323ced1da84a0aa73c

PODFILE CHECKSUM: 21cf330373a347d3d7104573530c1e3274511b94

COCOAPODS: 1.6.1
